
Microsoft Visual Studio Solution File, Format Version 12.00
# Visual Studio 14
VisualStudioVersion = 14.0.25420.1
MinimumVisualStudioVersion = 10.0.40219.1
Project("{2150E333-8FDC-42A3-9474-1A3956D46DE8}") = "src", "src", "{37D31C29-4B24-4580-A72E-C72D78C62C09}"
EndProject
Project("{2150E333-8FDC-42A3-9474-1A3956D46DE8}") = "Solution Items", "Solution Items", "{C1D4C059-B9A8-481A-A3A9-9A15D7D594A0}"
	ProjectSection(SolutionItems) = preProject
		global.json = global.json
	EndProjectSection
EndProject
Project("{8BB2217D-0F2D-49D1-97BC-3654ED321F3B}") = "DingtalkChatbotSdk", "src\DingtalkChatbotSdk\DingtalkChatbotSdk.xproj", "{01366446-2DDA-461E-85E8-09E9AF7F1520}"
EndProject
Project("{FAE04EC0-301F-11D3-BF4B-00C04F79EFBC}") = "UnitTest40", "UnitTest\UnitTest40.csproj", "{E0CF4109-B3E7-47CA-AE44-12D5F129B7EE}"
EndProject
Project("{FAE04EC0-301F-11D3-BF4B-00C04F79EFBC}") = "UnitTest45", "UnitTest45\UnitTest45.csproj", "{0F26E210-5AA4-4369-82C4-EBF37D8DAC38}"
EndProject
Project("{FAE04EC0-301F-11D3-BF4B-00C04F79EFBC}") = "UnitTest451", "UnitTest451\UnitTest451.csproj", "{39A2EF1C-3558-4AF8-BC7B-984B0DD8ADB3}"
EndProject
Project("{8BB2217D-0F2D-49D1-97BC-3654ED321F3B}") = "NetCoreTest", "src\NetCoreTest\NetCoreTest.xproj", "{CDDDDC66-3820-418F-8FF4-FF1AF0A2663E}"
EndProject
Global
	GlobalSection(SolutionConfigurationPlatforms) = preSolution
		Debug|Any CPU = Debug|Any CPU
		Release|Any CPU = Release|Any CPU
	EndGlobalSection
	GlobalSection(ProjectConfigurationPlatforms) = postSolution
		{01366446-2DDA-461E-85E8-09E9AF7F1520}.Debug|Any CPU.ActiveCfg = Debug|Any CPU
		{01366446-2DDA-461E-85E8-09E9AF7F1520}.Debug|Any CPU.Build.0 = Debug|Any CPU
		{01366446-2DDA-461E-85E8-09E9AF7F1520}.Release|Any CPU.ActiveCfg = Release|Any CPU
		{01366446-2DDA-461E-85E8-09E9AF7F1520}.Release|Any CPU.Build.0 = Release|Any CPU
		{E0CF4109-B3E7-47CA-AE44-12D5F129B7EE}.Debug|Any CPU.ActiveCfg = Debug|Any CPU
		{E0CF4109-B3E7-47CA-AE44-12D5F129B7EE}.Debug|Any CPU.Build.0 = Debug|Any CPU
		{E0CF4109-B3E7-47CA-AE44-12D5F129B7EE}.Release|Any CPU.ActiveCfg = Release|Any CPU
		{E0CF4109-B3E7-47CA-AE44-12D5F129B7EE}.Release|Any CPU.Build.0 = Release|Any CPU
		{0F26E210-5AA4-4369-82C4-EBF37D8DAC38}.Debug|Any CPU.ActiveCfg = Debug|Any CPU
		{0F26E210-5AA4-4369-82C4-EBF37D8DAC38}.Debug|Any CPU.Build.0 = Debug|Any CPU
		{0F26E210-5AA4-4369-82C4-EBF37D8DAC38}.Release|Any CPU.ActiveCfg = Release|Any CPU
		{0F26E210-5AA4-4369-82C4-EBF37D8DAC38}.Release|Any CPU.Build.0 = Release|Any CPU
		{39A2EF1C-3558-4AF8-BC7B-984B0DD8ADB3}.Debug|Any CPU.ActiveCfg = Debug|Any CPU
		{39A2EF1C-3558-4AF8-BC7B-984B0DD8ADB3}.Debug|Any CPU.Build.0 = Debug|Any CPU
		{39A2EF1C-3558-4AF8-BC7B-984B0DD8ADB3}.Release|Any CPU.ActiveCfg = Release|Any CPU
		{39A2EF1C-3558-4AF8-BC7B-984B0DD8ADB3}.Release|Any CPU.Build.0 = Release|Any CPU
		{CDDDDC66-3820-418F-8FF4-FF1AF0A2663E}.Debug|Any CPU.ActiveCfg = Debug|Any CPU
		{CDDDDC66-3820-418F-8FF4-FF1AF0A2663E}.Debug|Any CPU.Build.0 = Debug|Any CPU
		{CDDDDC66-3820-418F-8FF4-FF1AF0A2663E}.Release|Any CPU.ActiveCfg = Release|Any CPU
		{CDDDDC66-3820-418F-8FF4-FF1AF0A2663E}.Release|Any CPU.Build.0 = Release|Any CPU
	EndGlobalSection
	GlobalSection(SolutionProperties) = preSolution
		HideSolutionNode = FALSE
	EndGlobalSection
	GlobalSection(NestedProjects) = preSolution
		{01366446-2DDA-461E-85E8-09E9AF7F1520} = {37D31C29-4B24-4580-A72E-C72D78C62C09}
		{E0CF4109-B3E7-47CA-AE44-12D5F129B7EE} = {37D31C29-4B24-4580-A72E-C72D78C62C09}
		{0F26E210-5AA4-4369-82C4-EBF37D8DAC38} = {37D31C29-4B24-4580-A72E-C72D78C62C09}
		{39A2EF1C-3558-4AF8-BC7B-984B0DD8ADB3} = {37D31C29-4B24-4580-A72E-C72D78C62C09}
		{CDDDDC66-3820-418F-8FF4-FF1AF0A2663E} = {37D31C29-4B24-4580-A72E-C72D78C62C09}
	EndGlobalSection
EndGlobal
